
Microsoft Visual Studio Solution File, Format Version 12.00
# Visual Studio Version 16
VisualStudioVersion = 16.0.31424.327
MinimumVisualStudioVersion = 10.0.40219.1
Project("{FAE04EC0-301F-11D3-BF4B-00C04F79EFBC}") = "Painter", ".\Painter\Painter.csproj", "{62292569-8234-43BA-876F-6F30DDD5D023}"
EndProject
Project("{FAE04EC0-301F-11D3-BF4B-00C04F79EFBC}") = "CalculatorDll", ".\CalculatorDll\CalculatorDll.csproj", "{504F7DA7-0B18-41F7-86C5-CE231001F735}"
EndProject
Project("{2150E333-8FDC-42A3-9474-1A3956D46DE8}") = "Solution Items", "Solution Items", "{DD639E44-E705-4510-A706-03A1D1187112}"
	ProjectSection(SolutionItems) = preProject
		.editorconfig = .editorconfig
	EndProjectSection
EndProject
Project("{2150E333-8FDC-42A3-9474-1A3956D46DE8}") = "OtherProjects", "OtherProjects", "{1CF41532-930E-4F5B-80EA-065BD9DD9A0E}"
EndProject
Project("{FAE04EC0-301F-11D3-BF4B-00C04F79EFBC}") = "FireWorks", ".\FireWorks\FireWorks.csproj", "{B2DDF7A3-75C4-4D6E-8116-B095360F38A9}"
EndProject
Global
	GlobalSection(SolutionConfigurationPlatforms) = preSolution
		Debug|Any CPU = Debug|Any CPU
		Release|Any CPU = Release|Any CPU
	EndGlobalSection
	GlobalSection(ProjectConfigurationPlatforms) = postSolution
		{62292569-8234-43BA-876F-6F30DDD5D023}.Debug|Any CPU.ActiveCfg = Debug|Any CPU
		{62292569-8234-43BA-876F-6F30DDD5D023}.Debug|Any CPU.Build.0 = Debug|Any CPU
		{62292569-8234-43BA-876F-6F30DDD5D023}.Release|Any CPU.ActiveCfg = Release|Any CPU
		{62292569-8234-43BA-876F-6F30DDD5D023}.Release|Any CPU.Build.0 = Release|Any CPU
		{504F7DA7-0B18-41F7-86C5-CE231001F735}.Debug|Any CPU.ActiveCfg = Debug|Any CPU
		{504F7DA7-0B18-41F7-86C5-CE231001F735}.Debug|Any CPU.Build.0 = Debug|Any CPU
		{504F7DA7-0B18-41F7-86C5-CE231001F735}.Release|Any CPU.ActiveCfg = Release|Any CPU
		{504F7DA7-0B18-41F7-86C5-CE231001F735}.Release|Any CPU.Build.0 = Release|Any CPU
		{B2DDF7A3-75C4-4D6E-8116-B095360F38A9}.Debug|Any CPU.ActiveCfg = Debug|Any CPU
		{B2DDF7A3-75C4-4D6E-8116-B095360F38A9}.Debug|Any CPU.Build.0 = Debug|Any CPU
		{B2DDF7A3-75C4-4D6E-8116-B095360F38A9}.Release|Any CPU.ActiveCfg = Release|Any CPU
		{B2DDF7A3-75C4-4D6E-8116-B095360F38A9}.Release|Any CPU.Build.0 = Release|Any CPU
	EndGlobalSection
	GlobalSection(SolutionProperties) = preSolution
		HideSolutionNode = FALSE
	EndGlobalSection
	GlobalSection(NestedProjects) = preSolution
		{B2DDF7A3-75C4-4D6E-8116-B095360F38A9} = {1CF41532-930E-4F5B-80EA-065BD9DD9A0E}
	EndGlobalSection
	GlobalSection(ExtensibilityGlobals) = postSolution
		SolutionGuid = {44A717B0-8F44-454C-B4C4-88D1AD737A3A}
	EndGlobalSection
EndGlobal
